
Microsoft Visual Studio Solution File, Format Version 12.00
# Visual Studio Version 16
VisualStudioVersion = 16.0.31313.79
MinimumVisualStudioVersion = 10.0.40219.1
Project("{9A19103F-16F7-4668-BE54-9A1E7A4F7556}") = "UnitComboLib", "Components\UnitComboLib\UnitComboLib.csproj", "{E190CD79-CB34-40F9-91B3-8998074D45EC}"
EndProject
Project("{9A19103F-16F7-4668-BE54-9A1E7A4F7556}") = "UnitComboboxDemo", "Components\UnitComboboxDemo\UnitComboboxDemo.csproj", "{03FD55B7-5E10-4444-94EE-0BE1D06F1C92}"
EndProject
Project("{9A19103F-16F7-4668-BE54-9A1E7A4F7556}") = "CSharpEditor", "CSharpEditor\CSharpEditor.csproj", "{A6F77C12-C77D-4695-838E-1234E7EF0960}"
EndProject
Project("{9A19103F-16F7-4668-BE54-9A1E7A4F7556}") = "TextEditLib", "TextEditLib\TextEditLib.csproj", "{6B651C3E-8819-4130-BC96-E3519E153C20}"
EndProject
Project("{9A19103F-16F7-4668-BE54-9A1E7A4F7556}") = "RoslynEditor.Core", "RoslynEditor\RoslynEditor.Core\RoslynEditor.Core.csproj", "{3E1E3E1E-20B1-4686-B390-580E3C2F549C}"
EndProject
Project("{9A19103F-16F7-4668-BE54-9A1E7A4F7556}") = "RoslynEditor.Core.Windows", "RoslynEditor\RoslynEditor.Core.Windows\RoslynEditor.Core.Windows.csproj", "{8716E597-7696-4F0C-90A9-0023503B8B90}"
EndProject
Project("{9A19103F-16F7-4668-BE54-9A1E7A4F7556}") = "RoslynEditor.Windows", "RoslynEditor\RoslynEditor.Windows\RoslynEditor.Windows.csproj", "{EC22830A-4815-4BA5-BD69-F3FE3EE1119C}"
EndProject
Project("{2150E333-8FDC-42A3-9474-1A3956D46DE8}") = "RoslynEditor", "RoslynEditor", "{48C97482-34B7-4612-AE3C-49891D70B0E8}"
EndProject
Project("{9A19103F-16F7-4668-BE54-9A1E7A4F7556}") = "RoslynEditor.Windows.Sample", "RoslynEditor\RoslynEditor.Windows.Sample\RoslynEditor.Windows.Sample.csproj", "{7BDD9864-812E-40F7-86FD-91535C62DE67}"
EndProject
Project("{2150E333-8FDC-42A3-9474-1A3956D46DE8}") = "Samples", "Samples", "{639B2447-B936-4296-8107-24F165ABC14F}"
EndProject
Project("{9A19103F-16F7-4668-BE54-9A1E7A4F7556}") = "HighlightingLib", "HighlightingLib\HighlightingLib.csproj", "{4D4BF5F9-23A2-462D-A56D-D73C10B7BB8E}"
EndProject
Project("{2150E333-8FDC-42A3-9474-1A3956D46DE8}") = "Components", "Components", "{CBBFF1C0-6DD7-499D-9427-C5E7948965E0}"
EndProject
Project("{2150E333-8FDC-42A3-9474-1A3956D46DE8}") = "UnitCombobox", "UnitCombobox", "{3B5C173B-8F31-4209-9DE4-E3199B7F0DB4}"
EndProject
Project("{2150E333-8FDC-42A3-9474-1A3956D46DE8}") = "BindToMLib", "BindToMLib", "{7274275E-2CCD-4059-84AC-AB6CAC6964BC}"
EndProject
Project("{2150E333-8FDC-42A3-9474-1A3956D46DE8}") = "MLib", "MLib", "{30718FE4-3DBA-4FEF-B6FE-387912F80569}"
EndProject
Project("{2150E333-8FDC-42A3-9474-1A3956D46DE8}") = "MWindow", "MWindow", "{BA4DE865-2E13-4AEE-85B8-B558F42AD267}"
EndProject
Project("{9A19103F-16F7-4668-BE54-9A1E7A4F7556}") = "BindToMLib", "Components\BindToMLib\BindToMLib.csproj", "{331B5E43-DCE9-4FD0-95AA-E2AC5072ABDA}"
EndProject
Project("{9A19103F-16F7-4668-BE54-9A1E7A4F7556}") = "MLib", "Components\MLib\MLib.csproj", "{8205BEA4-2DB6-4547-8F57-EF4B9F5C221A}"
EndProject
Project("{9A19103F-16F7-4668-BE54-9A1E7A4F7556}") = "MWindowDialogLib", "Components\MWindowDialogLib\MWindowDialogLib.csproj", "{586A47F2-333A-44FE-A382-2E8D6FACD193}"
EndProject
Project("{9A19103F-16F7-4668-BE54-9A1E7A4F7556}") = "MWindowInterfacesLib", "Components\MWindowInterfacesLib\MWindowInterfacesLib.csproj", "{EEDAB168-FEA8-4180-A742-2B54B1503356}"
EndProject
Project("{9A19103F-16F7-4668-BE54-9A1E7A4F7556}") = "MWindowLib", "Components\MWindowLib\MWindowLib.csproj", "{4038FF4D-5F08-406D-8468-A235F31E723A}"
EndProject
Project("{2150E333-8FDC-42A3-9474-1A3956D46DE8}") = "Settings", "Settings", "{5802F546-6BC8-4F26-A18F-13D2F6DB9C51}"
EndProject
Project("{9A19103F-16F7-4668-BE54-9A1E7A4F7556}") = "Settings", "Components\Settings\Settings\Settings.csproj", "{C1C6D880-9E41-4B0C-94B4-97C3C4B9E930}"
EndProject
Project("{9A19103F-16F7-4668-BE54-9A1E7A4F7556}") = "SettingsModel", "Components\Settings\SettingsModel\SettingsModel.csproj", "{32D0C1FE-47D6-49BB-B2B8-969A984D0ED2}"
EndProject
Global
	GlobalSection(SolutionConfigurationPlatforms) = preSolution
		Debug|Any CPU = Debug|Any CPU
		Release|Any CPU = Release|Any CPU
	EndGlobalSection
	GlobalSection(ProjectConfigurationPlatforms) = postSolution
		{E190CD79-CB34-40F9-91B3-8998074D45EC}.Debug|Any CPU.ActiveCfg = Debug|Any CPU
		{E190CD79-CB34-40F9-91B3-8998074D45EC}.Debug|Any CPU.Build.0 = Debug|Any CPU
		{E190CD79-CB34-40F9-91B3-8998074D45EC}.Release|Any CPU.ActiveCfg = Release|Any CPU
		{E190CD79-CB34-40F9-91B3-8998074D45EC}.Release|Any CPU.Build.0 = Release|Any CPU
		{03FD55B7-5E10-4444-94EE-0BE1D06F1C92}.Debug|Any CPU.ActiveCfg = Debug|Any CPU
		{03FD55B7-5E10-4444-94EE-0BE1D06F1C92}.Debug|Any CPU.Build.0 = Debug|Any CPU
		{03FD55B7-5E10-4444-94EE-0BE1D06F1C92}.Release|Any CPU.ActiveCfg = Release|Any CPU
		{03FD55B7-5E10-4444-94EE-0BE1D06F1C92}.Release|Any CPU.Build.0 = Release|Any CPU
		{A6F77C12-C77D-4695-838E-1234E7EF0960}.Debug|Any CPU.ActiveCfg = Debug|Any CPU
		{A6F77C12-C77D-4695-838E-1234E7EF0960}.Debug|Any CPU.Build.0 = Debug|Any CPU
		{A6F77C12-C77D-4695-838E-1234E7EF0960}.Release|Any CPU.ActiveCfg = Release|Any CPU
		{A6F77C12-C77D-4695-838E-1234E7EF0960}.Release|Any CPU.Build.0 = Release|Any CPU
		{6B651C3E-8819-4130-BC96-E3519E153C20}.Debug|Any CPU.ActiveCfg = Debug|Any CPU
		{6B651C3E-8819-4130-BC96-E3519E153C20}.Debug|Any CPU.Build.0 = Debug|Any CPU
		{6B651C3E-8819-4130-BC96-E3519E153C20}.Release|Any CPU.ActiveCfg = Release|Any CPU
		{6B651C3E-8819-4130-BC96-E3519E153C20}.Release|Any CPU.Build.0 = Release|Any CPU
		{3E1E3E1E-20B1-4686-B390-580E3C2F549C}.Debug|Any CPU.ActiveCfg = Debug|Any CPU
		{3E1E3E1E-20B1-4686-B390-580E3C2F549C}.Debug|Any CPU.Build.0 = Debug|Any CPU
		{3E1E3E1E-20B1-4686-B390-580E3C2F549C}.Release|Any CPU.ActiveCfg = Release|Any CPU
		{3E1E3E1E-20B1-4686-B390-580E3C2F549C}.Release|Any CPU.Build.0 = Release|Any CPU
		{8716E597-7696-4F0C-90A9-0023503B8B90}.Debug|Any CPU.ActiveCfg = Debug|Any CPU
		{8716E597-7696-4F0C-90A9-0023503B8B90}.Debug|Any CPU.Build.0 = Debug|Any CPU
		{8716E597-7696-4F0C-90A9-0023503B8B90}.Release|Any CPU.ActiveCfg = Release|Any CPU
		{8716E597-7696-4F0C-90A9-0023503B8B90}.Release|Any CPU.Build.0 = Release|Any CPU
		{EC22830A-4815-4BA5-BD69-F3FE3EE1119C}.Debug|Any CPU.ActiveCfg = Debug|Any CPU
		{EC22830A-4815-4BA5-BD69-F3FE3EE1119C}.Debug|Any CPU.Build.0 = Debug|Any CPU
		{EC22830A-4815-4BA5-BD69-F3FE3EE1119C}.Release|Any CPU.ActiveCfg = Release|Any CPU
		{EC22830A-4815-4BA5-BD69-F3FE3EE1119C}.Release|Any CPU.Build.0 = Release|Any CPU
		{7BDD9864-812E-40F7-86FD-91535C62DE67}.Debug|Any CPU.ActiveCfg = Debug|Any CPU
		{7BDD9864-812E-40F7-86FD-91535C62DE67}.Debug|Any CPU.Build.0 = Debug|Any CPU
		{7BDD9864-812E-40F7-86FD-91535C62DE67}.Release|Any CPU.ActiveCfg = Release|Any CPU
		{7BDD9864-812E-40F7-86FD-91535C62DE67}.Release|Any CPU.Build.0 = Release|Any CPU
		{4D4BF5F9-23A2-462D-A56D-D73C10B7BB8E}.Debug|Any CPU.ActiveCfg = Debug|Any CPU
		{4D4BF5F9-23A2-462D-A56D-D73C10B7BB8E}.Debug|Any CPU.Build.0 = Debug|Any CPU
		{4D4BF5F9-23A2-462D-A56D-D73C10B7BB8E}.Release|Any CPU.ActiveCfg = Release|Any CPU
		{4D4BF5F9-23A2-462D-A56D-D73C10B7BB8E}.Release|Any CPU.Build.0 = Release|Any CPU
		{331B5E43-DCE9-4FD0-95AA-E2AC5072ABDA}.Debug|Any CPU.ActiveCfg = Debug|Any CPU
		{331B5E43-DCE9-4FD0-95AA-E2AC5072ABDA}.Debug|Any CPU.Build.0 = Debug|Any CPU
		{331B5E43-DCE9-4FD0-95AA-E2AC5072ABDA}.Release|Any CPU.ActiveCfg = Release|Any CPU
		{331B5E43-DCE9-4FD0-95AA-E2AC5072ABDA}.Release|Any CPU.Build.0 = Release|Any CPU
		{8205BEA4-2DB6-4547-8F57-EF4B9F5C221A}.Debug|Any CPU.ActiveCfg = Debug|Any CPU
		{8205BEA4-2DB6-4547-8F57-EF4B9F5C221A}.Debug|Any CPU.Build.0 = Debug|Any CPU
		{8205BEA4-2DB6-4547-8F57-EF4B9F5C221A}.Release|Any CPU.ActiveCfg = Release|Any CPU
		{8205BEA4-2DB6-4547-8F57-EF4B9F5C221A}.Release|Any CPU.Build.0 = Release|Any CPU
		{586A47F2-333A-44FE-A382-2E8D6FACD193}.Debug|Any CPU.ActiveCfg = Debug|Any CPU
		{586A47F2-333A-44FE-A382-2E8D6FACD193}.Debug|Any CPU.Build.0 = Debug|Any CPU
		{586A47F2-333A-44FE-A382-2E8D6FACD193}.Release|Any CPU.ActiveCfg = Release|Any CPU
		{586A47F2-333A-44FE-A382-2E8D6FACD193}.Release|Any CPU.Build.0 = Release|Any CPU
		{EEDAB168-FEA8-4180-A742-2B54B1503356}.Debug|Any CPU.ActiveCfg = Debug|Any CPU
		{EEDAB168-FEA8-4180-A742-2B54B1503356}.Debug|Any CPU.Build.0 = Debug|Any CPU
		{EEDAB168-FEA8-4180-A742-2B54B1503356}.Release|Any CPU.ActiveCfg = Release|Any CPU
		{EEDAB168-FEA8-4180-A742-2B54B1503356}.Release|Any CPU.Build.0 = Release|Any CPU
		{4038FF4D-5F08-406D-8468-A235F31E723A}.Debug|Any CPU.ActiveCfg = Debug|Any CPU
		{4038FF4D-5F08-406D-8468-A235F31E723A}.Debug|Any CPU.Build.0 = Debug|Any CPU
		{4038FF4D-5F08-406D-8468-A235F31E723A}.Release|Any CPU.ActiveCfg = Release|Any CPU
		{4038FF4D-5F08-406D-8468-A235F31E723A}.Release|Any CPU.Build.0 = Release|Any CPU
		{C1C6D880-9E41-4B0C-94B4-97C3C4B9E930}.Debug|Any CPU.ActiveCfg = Debug|Any CPU
		{C1C6D880-9E41-4B0C-94B4-97C3C4B9E930}.Debug|Any CPU.Build.0 = Debug|Any CPU
		{C1C6D880-9E41-4B0C-94B4-97C3C4B9E930}.Release|Any CPU.ActiveCfg = Release|Any CPU
		{C1C6D880-9E41-4B0C-94B4-97C3C4B9E930}.Release|Any CPU.Build.0 = Release|Any CPU
		{32D0C1FE-47D6-49BB-B2B8-969A984D0ED2}.Debug|Any CPU.ActiveCfg = Debug|Any CPU
		{32D0C1FE-47D6-49BB-B2B8-969A984D0ED2}.Debug|Any CPU.Build.0 = Debug|Any CPU
		{32D0C1FE-47D6-49BB-B2B8-969A984D0ED2}.Release|Any CPU.ActiveCfg = Release|Any CPU
		{32D0C1FE-47D6-49BB-B2B8-969A984D0ED2}.Release|Any CPU.Build.0 = Release|Any CPU
	EndGlobalSection
	GlobalSection(SolutionProperties) = preSolution
		HideSolutionNode = FALSE
	EndGlobalSection
	GlobalSection(NestedProjects) = preSolution
		{E190CD79-CB34-40F9-91B3-8998074D45EC} = {3B5C173B-8F31-4209-9DE4-E3199B7F0DB4}
		{03FD55B7-5E10-4444-94EE-0BE1D06F1C92} = {3B5C173B-8F31-4209-9DE4-E3199B7F0DB4}
		{3E1E3E1E-20B1-4686-B390-580E3C2F549C} = {48C97482-34B7-4612-AE3C-49891D70B0E8}
		{8716E597-7696-4F0C-90A9-0023503B8B90} = {48C97482-34B7-4612-AE3C-49891D70B0E8}
		{EC22830A-4815-4BA5-BD69-F3FE3EE1119C} = {48C97482-34B7-4612-AE3C-49891D70B0E8}
		{7BDD9864-812E-40F7-86FD-91535C62DE67} = {639B2447-B936-4296-8107-24F165ABC14F}
		{639B2447-B936-4296-8107-24F165ABC14F} = {48C97482-34B7-4612-AE3C-49891D70B0E8}
		{3B5C173B-8F31-4209-9DE4-E3199B7F0DB4} = {CBBFF1C0-6DD7-499D-9427-C5E7948965E0}
		{7274275E-2CCD-4059-84AC-AB6CAC6964BC} = {CBBFF1C0-6DD7-499D-9427-C5E7948965E0}
		{30718FE4-3DBA-4FEF-B6FE-387912F80569} = {CBBFF1C0-6DD7-499D-9427-C5E7948965E0}
		{BA4DE865-2E13-4AEE-85B8-B558F42AD267} = {CBBFF1C0-6DD7-499D-9427-C5E7948965E0}
		{331B5E43-DCE9-4FD0-95AA-E2AC5072ABDA} = {7274275E-2CCD-4059-84AC-AB6CAC6964BC}
		{8205BEA4-2DB6-4547-8F57-EF4B9F5C221A} = {30718FE4-3DBA-4FEF-B6FE-387912F80569}
		{586A47F2-333A-44FE-A382-2E8D6FACD193} = {BA4DE865-2E13-4AEE-85B8-B558F42AD267}
		{EEDAB168-FEA8-4180-A742-2B54B1503356} = {BA4DE865-2E13-4AEE-85B8-B558F42AD267}
		{4038FF4D-5F08-406D-8468-A235F31E723A} = {BA4DE865-2E13-4AEE-85B8-B558F42AD267}
		{5802F546-6BC8-4F26-A18F-13D2F6DB9C51} = {CBBFF1C0-6DD7-499D-9427-C5E7948965E0}
		{C1C6D880-9E41-4B0C-94B4-97C3C4B9E930} = {5802F546-6BC8-4F26-A18F-13D2F6DB9C51}
		{32D0C1FE-47D6-49BB-B2B8-969A984D0ED2} = {5802F546-6BC8-4F26-A18F-13D2F6DB9C51}
	EndGlobalSection
	GlobalSection(ExtensibilityGlobals) = postSolution
		SolutionGuid = {6EFEFD4C-06D9-4213-AED6-EA2B923F19D7}
	EndGlobalSection
EndGlobal
